
Microsoft Visual Studio Solution File, Format Version 12.00
# Visual Studio Version 17
VisualStudioVersion = 17.7.34003.232
MinimumVisualStudioVersion = 10.0.40219.1
Project("{9A19103F-16F7-4668-BE54-9A1E7A4F7556}") = "0.1_Messenger_Client", "0.1_Messenger_Client\0.1_Messenger_Client.csproj", "{BBAE937C-88F6-4BDE-8D5F-60DE4BCDDA96}"
EndProject
Project("{9A19103F-16F7-4668-BE54-9A1E7A4F7556}") = "0.1_Messenger_Server", "0.1_Mesenger_Server\0.1_Messenger_Server.csproj", "{24B5BD4C-F063-4DB5-85B8-FC2E27E1B0FC}"
EndProject
Project("{FAE04EC0-301F-11D3-BF4B-00C04F79EFBC}") = "Mail_Client", "Mail_Client\Mail_Client.csproj", "{B5456056-CA69-4858-979B-2D9B3B8A3684}"
EndProject
Global
	GlobalSection(SolutionConfigurationPlatforms) = preSolution
		Debug|Any CPU = Debug|Any CPU
		Release|Any CPU = Release|Any CPU
	EndGlobalSection
	GlobalSection(ProjectConfigurationPlatforms) = postSolution
		{BBAE937C-88F6-4BDE-8D5F-60DE4BCDDA96}.Debug|Any CPU.ActiveCfg = Debug|Any CPU
		{BBAE937C-88F6-4BDE-8D5F-60DE4BCDDA96}.Debug|Any CPU.Build.0 = Debug|Any CPU
		{BBAE937C-88F6-4BDE-8D5F-60DE4BCDDA96}.Release|Any CPU.ActiveCfg = Release|Any CPU
		{BBAE937C-88F6-4BDE-8D5F-60DE4BCDDA96}.Release|Any CPU.Build.0 = Release|Any CPU
		{24B5BD4C-F063-4DB5-85B8-FC2E27E1B0FC}.Debug|Any CPU.ActiveCfg = Debug|Any CPU
		{24B5BD4C-F063-4DB5-85B8-FC2E27E1B0FC}.Debug|Any CPU.Build.0 = Debug|Any CPU
		{24B5BD4C-F063-4DB5-85B8-FC2E27E1B0FC}.Release|Any CPU.ActiveCfg = Release|Any CPU
		{24B5BD4C-F063-4DB5-85B8-FC2E27E1B0FC}.Release|Any CPU.Build.0 = Release|Any CPU
		{B5456056-CA69-4858-979B-2D9B3B8A3684}.Debug|Any CPU.ActiveCfg = Debug|Any CPU
		{B5456056-CA69-4858-979B-2D9B3B8A3684}.Debug|Any CPU.Build.0 = Debug|Any CPU
		{B5456056-CA69-4858-979B-2D9B3B8A3684}.Release|Any CPU.ActiveCfg = Release|Any CPU
		{B5456056-CA69-4858-979B-2D9B3B8A3684}.Release|Any CPU.Build.0 = Release|Any CPU
	EndGlobalSection
	GlobalSection(SolutionProperties) = preSolution
		HideSolutionNode = FALSE
	EndGlobalSection
	GlobalSection(ExtensibilityGlobals) = postSolution
		SolutionGuid = {DEF8F718-D732-45E9-B379-36BCCCC76906}
	EndGlobalSection
EndGlobal
